
Microsoft Visual Studio Solution File, Format Version 12.00
# Visual Studio 15
VisualStudioVersion = 15.0.27130.2020
MinimumVisualStudioVersion = 10.0.40219.1
Project("{2150E333-8FDC-42A3-9474-1A3956D46DE8}") = "SolutionItems", "SolutionItems", "{2238146A-EABB-4391-A460-0F2A786A31A5}"
	ProjectSection(SolutionItems) = preProject
		nuspec\Frends.Community.PgpVerifyClearTextSignature.nuspec = nuspec\Frends.Community.PgpVerifyClearTextSignature.nuspec
		README.md = README.md
	EndProjectSection
EndProject
Project("{FAE04EC0-301F-11D3-BF4B-00C04F79EFBC}") = "Frends.Community.PgpVerifyClearTextSignature", "Frends.Community.PgpVerifyClearTextSignature\Frends.Community.PgpVerifyClearTextSignature.csproj", "{97D07B5F-7D31-4D07-B89A-F4087EBEB82B}"
EndProject
Project("{FAE04EC0-301F-11D3-BF4B-00C04F79EFBC}") = "Frends.Community.PgpVerifyClearTextSignature.Tests", "Frends.Community.PgpVerifyClearTextSignature.Tests\Frends.Community.PgpVerifyClearTextSignature.Tests.csproj", "{067456C0-086C-46A8-B37F-1405717B7BFC}"
EndProject
Global
	GlobalSection(SolutionConfigurationPlatforms) = preSolution
		Debug|Any CPU = Debug|Any CPU
		Release|Any CPU = Release|Any CPU
	EndGlobalSection
	GlobalSection(ProjectConfigurationPlatforms) = postSolution
		{97D07B5F-7D31-4D07-B89A-F4087EBEB82B}.Debug|Any CPU.ActiveCfg = Debug|Any CPU
		{97D07B5F-7D31-4D07-B89A-F4087EBEB82B}.Debug|Any CPU.Build.0 = Debug|Any CPU
		{97D07B5F-7D31-4D07-B89A-F4087EBEB82B}.Release|Any CPU.ActiveCfg = Release|Any CPU
		{97D07B5F-7D31-4D07-B89A-F4087EBEB82B}.Release|Any CPU.Build.0 = Release|Any CPU
		{067456C0-086C-46A8-B37F-1405717B7BFC}.Debug|Any CPU.ActiveCfg = Debug|Any CPU
		{067456C0-086C-46A8-B37F-1405717B7BFC}.Debug|Any CPU.Build.0 = Debug|Any CPU
		{067456C0-086C-46A8-B37F-1405717B7BFC}.Release|Any CPU.ActiveCfg = Release|Any CPU
		{067456C0-086C-46A8-B37F-1405717B7BFC}.Release|Any CPU.Build.0 = Release|Any CPU
	EndGlobalSection
	GlobalSection(SolutionProperties) = preSolution
		HideSolutionNode = FALSE
	EndGlobalSection
	GlobalSection(ExtensibilityGlobals) = postSolution
		SolutionGuid = {C0EF5693-03E8-4CB2-88E1-0C2EC36F2416}
	EndGlobalSection
EndGlobal
